
Microsoft Visual Studio Solution File, Format Version 12.00
# Visual Studio 14
VisualStudioVersion = 14.0.25420.1
MinimumVisualStudioVersion = 10.0.40219.1
Project("{FAE04EC0-301F-11D3-BF4B-00C04F79EFBC}") = "QueueGames.WebApi", "QueueGames.WebApi\QueueGames.WebApi.csproj", "{F253FAF8-AC96-4DFE-BA35-C1E18DA8B434}"
EndProject
Project("{FAE04EC0-301F-11D3-BF4B-00C04F79EFBC}") = "QueueGames.AngularApp", "QueueGames.AngularApp\QueueGames.AngularApp.csproj", "{4C3A8272-E014-467D-9C48-186E96652036}"
EndProject
Project("{FAE04EC0-301F-11D3-BF4B-00C04F79EFBC}") = "QueueGames.Data.CodeFirst", "QueueGames.Data.CodeFirst\QueueGames.Data.CodeFirst.csproj", "{1380EBBD-A368-4EED-9325-6F3CBAEB34FA}"
EndProject
Global
	GlobalSection(SolutionConfigurationPlatforms) = preSolution
		Debug|Any CPU = Debug|Any CPU
		Release|Any CPU = Release|Any CPU
	EndGlobalSection
	GlobalSection(ProjectConfigurationPlatforms) = postSolution
		{F253FAF8-AC96-4DFE-BA35-C1E18DA8B434}.Debug|Any CPU.ActiveCfg = Debug|Any CPU
		{F253FAF8-AC96-4DFE-BA35-C1E18DA8B434}.Debug|Any CPU.Build.0 = Debug|Any CPU
		{F253FAF8-AC96-4DFE-BA35-C1E18DA8B434}.Release|Any CPU.ActiveCfg = Release|Any CPU
		{F253FAF8-AC96-4DFE-BA35-C1E18DA8B434}.Release|Any CPU.Build.0 = Release|Any CPU
		{4C3A8272-E014-467D-9C48-186E96652036}.Debug|Any CPU.ActiveCfg = Debug|Any CPU
		{4C3A8272-E014-467D-9C48-186E96652036}.Debug|Any CPU.Build.0 = Debug|Any CPU
		{4C3A8272-E014-467D-9C48-186E96652036}.Release|Any CPU.ActiveCfg = Release|Any CPU
		{4C3A8272-E014-467D-9C48-186E96652036}.Release|Any CPU.Build.0 = Release|Any CPU
		{1380EBBD-A368-4EED-9325-6F3CBAEB34FA}.Debug|Any CPU.ActiveCfg = Debug|Any CPU
		{1380EBBD-A368-4EED-9325-6F3CBAEB34FA}.Debug|Any CPU.Build.0 = Debug|Any CPU
		{1380EBBD-A368-4EED-9325-6F3CBAEB34FA}.Release|Any CPU.ActiveCfg = Release|Any CPU
		{1380EBBD-A368-4EED-9325-6F3CBAEB34FA}.Release|Any CPU.Build.0 = Release|Any CPU
	EndGlobalSection
	GlobalSection(SolutionProperties) = preSolution
		HideSolutionNode = FALSE
	EndGlobalSection
EndGlobal
